
Microsoft Visual Studio Solution File, Format Version 12.00
# Visual Studio 15
VisualStudioVersion = 15.0.28307.1267
MinimumVisualStudioVersion = 10.0.40219.1
Project("{8BC9CEB8-8B4A-11D0-8D11-00A0C91BC942}") = "流程", "流程\流程.vcxproj", "{0780534F-208B-4AB0-AB01-49E123839DED}"
EndProject
Global
	GlobalSection(SolutionConfigurationPlatforms) = preSolution
		Debug|x64 = Debug|x64
		Debug|x86 = Debug|x86
		Release|x64 = Release|x64
		Release|x86 = Release|x86
	EndGlobalSection
	GlobalSection(ProjectConfigurationPlatforms) = postSolution
		{0780534F-208B-4AB0-AB01-49E123839DED}.Debug|x64.ActiveCfg = Debug|x64
		{0780534F-208B-4AB0-AB01-49E123839DED}.Debug|x64.Build.0 = Debug|x64
		{0780534F-208B-4AB0-AB01-49E123839DED}.Debug|x86.ActiveCfg = Debug|Win32
		{0780534F-208B-4AB0-AB01-49E123839DED}.Debug|x86.Build.0 = Debug|Win32
		{0780534F-208B-4AB0-AB01-49E123839DED}.Release|x64.ActiveCfg = Release|x64
		{0780534F-208B-4AB0-AB01-49E123839DED}.Release|x64.Build.0 = Release|x64
		{0780534F-208B-4AB0-AB01-49E123839DED}.Release|x86.ActiveCfg = Release|Win32
		{0780534F-208B-4AB0-AB01-49E123839DED}.Release|x86.Build.0 = Release|Win32
	EndGlobalSection
	GlobalSection(SolutionProperties) = preSolution
		HideSolutionNode = FALSE
	EndGlobalSection
	GlobalSection(ExtensibilityGlobals) = postSolution
		SolutionGuid = {2B8AE01B-EDB3-4926-BDA6-AC4060F2E2DB}
	EndGlobalSection
EndGlobal
